
Microsoft Visual Studio Solution File, Format Version 12.00
# Visual Studio Version 17
VisualStudioVersion = 17.2.32630.192
MinimumVisualStudioVersion = 10.0.40219.1
Project("{FAE04EC0-301F-11D3-BF4B-00C04F79EFBC}") = "Secao06V5", "Secao06V5\Secao06V5.csproj", "{3945A3C7-931F-4619-9F43-5DC4C54FF08E}"
EndProject
Global
	GlobalSection(SolutionConfigurationPlatforms) = preSolution
		Debug|Any CPU = Debug|Any CPU
		Release|Any CPU = Release|Any CPU
	EndGlobalSection
	GlobalSection(ProjectConfigurationPlatforms) = postSolution
		{3945A3C7-931F-4619-9F43-5DC4C54FF08E}.Debug|Any CPU.ActiveCfg = Debug|Any CPU
		{3945A3C7-931F-4619-9F43-5DC4C54FF08E}.Debug|Any CPU.Build.0 = Debug|Any CPU
		{3945A3C7-931F-4619-9F43-5DC4C54FF08E}.Release|Any CPU.ActiveCfg = Release|Any CPU
		{3945A3C7-931F-4619-9F43-5DC4C54FF08E}.Release|Any CPU.Build.0 = Release|Any CPU
	EndGlobalSection
	GlobalSection(SolutionProperties) = preSolution
		HideSolutionNode = FALSE
	EndGlobalSection
	GlobalSection(ExtensibilityGlobals) = postSolution
		SolutionGuid = {DD1098F3-F857-48AA-BE19-CAB6DCBD8044}
	EndGlobalSection
EndGlobal
