
Microsoft Visual Studio Solution File, Format Version 12.00
# Visual Studio Version 17
VisualStudioVersion = 17.2.32630.192
MinimumVisualStudioVersion = 10.0.40219.1
Project("{FAE04EC0-301F-11D3-BF4B-00C04F79EFBC}") = "Secao06V6", "Secao06V6\Secao06V6.csproj", "{9630D1AE-9351-4A3C-A91A-BBFFDA70C1B1}"
EndProject
Global
	GlobalSection(SolutionConfigurationPlatforms) = preSolution
		Debug|Any CPU = Debug|Any CPU
		Release|Any CPU = Release|Any CPU
	EndGlobalSection
	GlobalSection(ProjectConfigurationPlatforms) = postSolution
		{9630D1AE-9351-4A3C-A91A-BBFFDA70C1B1}.Debug|Any CPU.ActiveCfg = Debug|Any CPU
		{9630D1AE-9351-4A3C-A91A-BBFFDA70C1B1}.Debug|Any CPU.Build.0 = Debug|Any CPU
		{9630D1AE-9351-4A3C-A91A-BBFFDA70C1B1}.Release|Any CPU.ActiveCfg = Release|Any CPU
		{9630D1AE-9351-4A3C-A91A-BBFFDA70C1B1}.Release|Any CPU.Build.0 = Release|Any CPU
	EndGlobalSection
	GlobalSection(SolutionProperties) = preSolution
		HideSolutionNode = FALSE
	EndGlobalSection
	GlobalSection(ExtensibilityGlobals) = postSolution
		SolutionGuid = {83648A1D-BBF7-4848-9F38-21C9476278D6}
	EndGlobalSection
EndGlobal
